
Microsoft Visual Studio Solution File, Format Version 12.00
# Visual Studio Version 16
VisualStudioVersion = 16.0.31005.135
MinimumVisualStudioVersion = 10.0.40219.1
Project("{8BC9CEB8-8B4A-11D0-8D11-00A0C91BC942}") = "Deque", "Deque.vcxproj", "{198DD8D6-33BF-4304-A455-03326C4C3761}"
EndProject
Global
	GlobalSection(SolutionConfigurationPlatforms) = preSolution
		Debug|x64 = Debug|x64
		Debug|x86 = Debug|x86
		Release|x64 = Release|x64
		Release|x86 = Release|x86
	EndGlobalSection
	GlobalSection(ProjectConfigurationPlatforms) = postSolution
		{198DD8D6-33BF-4304-A455-03326C4C3761}.Debug|x64.ActiveCfg = Debug|x64
		{198DD8D6-33BF-4304-A455-03326C4C3761}.Debug|x64.Build.0 = Debug|x64
		{198DD8D6-33BF-4304-A455-03326C4C3761}.Debug|x86.ActiveCfg = Debug|Win32
		{198DD8D6-33BF-4304-A455-03326C4C3761}.Debug|x86.Build.0 = Debug|Win32
		{198DD8D6-33BF-4304-A455-03326C4C3761}.Release|x64.ActiveCfg = Release|x64
		{198DD8D6-33BF-4304-A455-03326C4C3761}.Release|x64.Build.0 = Release|x64
		{198DD8D6-33BF-4304-A455-03326C4C3761}.Release|x86.ActiveCfg = Release|Win32
		{198DD8D6-33BF-4304-A455-03326C4C3761}.Release|x86.Build.0 = Release|Win32
	EndGlobalSection
	GlobalSection(SolutionProperties) = preSolution
		HideSolutionNode = FALSE
	EndGlobalSection
	GlobalSection(ExtensibilityGlobals) = postSolution
		SolutionGuid = {0EF0E895-A31E-44DD-A854-BB3323F9D8F9}
	EndGlobalSection
EndGlobal
